
Microsoft Visual Studio Solution File, Format Version 12.00
# Visual Studio Version 16
VisualStudioVersion = 16.0.31613.86
MinimumVisualStudioVersion = 10.0.40219.1
Project("{9A19103F-16F7-4668-BE54-9A1E7A4F7556}") = "GameLauncher", "GameLauncher\GameLauncher.csproj", "{5A343382-1E43-4F97-80CC-B36ED2DEBD75}"
EndProject
Global
	GlobalSection(SolutionConfigurationPlatforms) = preSolution
		Debug|Any CPU = Debug|Any CPU
		Debug|x64 = Debug|x64
		Release|Any CPU = Release|Any CPU
		Release|x64 = Release|x64
	EndGlobalSection
	GlobalSection(ProjectConfigurationPlatforms) = postSolution
		{5A343382-1E43-4F97-80CC-B36ED2DEBD75}.Debug|Any CPU.ActiveCfg = Debug|Any CPU
		{5A343382-1E43-4F97-80CC-B36ED2DEBD75}.Debug|Any CPU.Build.0 = Debug|Any CPU
		{5A343382-1E43-4F97-80CC-B36ED2DEBD75}.Debug|x64.ActiveCfg = Debug|x64
		{5A343382-1E43-4F97-80CC-B36ED2DEBD75}.Debug|x64.Build.0 = Debug|x64
		{5A343382-1E43-4F97-80CC-B36ED2DEBD75}.Release|Any CPU.ActiveCfg = Release|Any CPU
		{5A343382-1E43-4F97-80CC-B36ED2DEBD75}.Release|Any CPU.Build.0 = Release|Any CPU
		{5A343382-1E43-4F97-80CC-B36ED2DEBD75}.Release|x64.ActiveCfg = Release|x64
		{5A343382-1E43-4F97-80CC-B36ED2DEBD75}.Release|x64.Build.0 = Release|x64
	EndGlobalSection
	GlobalSection(SolutionProperties) = preSolution
		HideSolutionNode = FALSE
	EndGlobalSection
	GlobalSection(ExtensibilityGlobals) = postSolution
		SolutionGuid = {40050B07-4C9A-4049-97C6-824972C5D148}
	EndGlobalSection
EndGlobal
